
Microsoft Visual Studio Solution File, Format Version 12.00
# Visual Studio 14
VisualStudioVersion = 14.0.25420.1
MinimumVisualStudioVersion = 10.0.40219.1
Project("{FAE04EC0-301F-11D3-BF4B-00C04F79EFBC}") = "CustAccRptChange", "CustAccRptChange\CustAccRptChange.csproj", "{9A826AE3-2EF3-476B-A296-37E71D2E57B1}"
EndProject
Global
	GlobalSection(SolutionConfigurationPlatforms) = preSolution
		Debug|Any CPU = Debug|Any CPU
		Release|Any CPU = Release|Any CPU
	EndGlobalSection
	GlobalSection(ProjectConfigurationPlatforms) = postSolution
		{9A826AE3-2EF3-476B-A296-37E71D2E57B1}.Debug|Any CPU.ActiveCfg = Debug|Any CPU
		{9A826AE3-2EF3-476B-A296-37E71D2E57B1}.Debug|Any CPU.Build.0 = Debug|Any CPU
		{9A826AE3-2EF3-476B-A296-37E71D2E57B1}.Release|Any CPU.ActiveCfg = Release|Any CPU
		{9A826AE3-2EF3-476B-A296-37E71D2E57B1}.Release|Any CPU.Build.0 = Release|Any CPU
	EndGlobalSection
	GlobalSection(SolutionProperties) = preSolution
		HideSolutionNode = FALSE
	EndGlobalSection
EndGlobal
